
Microsoft Visual Studio Solution File, Format Version 12.00
# Visual Studio Version 17
VisualStudioVersion = 17.0.31611.283
MinimumVisualStudioVersion = 10.0.40219.1
Project("{9A19103F-16F7-4668-BE54-9A1E7A4F7556}") = "OrderVerificationMAUI", "OrderVerificationMAUI.csproj", "{322126D2-86E0-4284-837E-FC7E2E90B538}"
EndProject
Project("{9A19103F-16F7-4668-BE54-9A1E7A4F7556}") = "RabbitMQ", "RabbitMQ\RabbitMQ.csproj", "{1051F020-A9FE-4E80-ADC5-892EB0333B50}"
EndProject
Project("{FAE04EC0-301F-11D3-BF4B-00C04F79EFBC}") = "OutboundConsole", "OutboundConsole\OutboundConsole.csproj", "{F131D965-DECC-4F87-BC81-9BB54C783650}"
EndProject
Project("{FAE04EC0-301F-11D3-BF4B-00C04F79EFBC}") = "DatasetImageProcessing", "..\DatasetImageProcessing\DatasetImageProcessing.csproj", "{2D4F7156-C842-4771-8FE0-536F15DD1CF5}"
EndProject
Project("{FAE04EC0-301F-11D3-BF4B-00C04F79EFBC}") = "DataSetImageProcessingTests", "..\DataSetImageProcessingTests\DataSetImageProcessingTests.csproj", "{E01CCC6A-2BE8-4055-8A3B-461431E625A5}"
EndProject
Global
	GlobalSection(SolutionConfigurationPlatforms) = preSolution
		Debug|Any CPU = Debug|Any CPU
		Release|Any CPU = Release|Any CPU
	EndGlobalSection
	GlobalSection(ProjectConfigurationPlatforms) = postSolution
		{322126D2-86E0-4284-837E-FC7E2E90B538}.Debug|Any CPU.ActiveCfg = Debug|Any CPU
		{322126D2-86E0-4284-837E-FC7E2E90B538}.Debug|Any CPU.Build.0 = Debug|Any CPU
		{322126D2-86E0-4284-837E-FC7E2E90B538}.Debug|Any CPU.Deploy.0 = Debug|Any CPU
		{322126D2-86E0-4284-837E-FC7E2E90B538}.Release|Any CPU.ActiveCfg = Release|Any CPU
		{322126D2-86E0-4284-837E-FC7E2E90B538}.Release|Any CPU.Build.0 = Release|Any CPU
		{322126D2-86E0-4284-837E-FC7E2E90B538}.Release|Any CPU.Deploy.0 = Release|Any CPU
		{1051F020-A9FE-4E80-ADC5-892EB0333B50}.Debug|Any CPU.ActiveCfg = Debug|Any CPU
		{1051F020-A9FE-4E80-ADC5-892EB0333B50}.Debug|Any CPU.Build.0 = Debug|Any CPU
		{1051F020-A9FE-4E80-ADC5-892EB0333B50}.Release|Any CPU.ActiveCfg = Release|Any CPU
		{1051F020-A9FE-4E80-ADC5-892EB0333B50}.Release|Any CPU.Build.0 = Release|Any CPU
		{F131D965-DECC-4F87-BC81-9BB54C783650}.Debug|Any CPU.ActiveCfg = Debug|Any CPU
		{F131D965-DECC-4F87-BC81-9BB54C783650}.Debug|Any CPU.Build.0 = Debug|Any CPU
		{F131D965-DECC-4F87-BC81-9BB54C783650}.Release|Any CPU.ActiveCfg = Release|Any CPU
		{F131D965-DECC-4F87-BC81-9BB54C783650}.Release|Any CPU.Build.0 = Release|Any CPU
		{2D4F7156-C842-4771-8FE0-536F15DD1CF5}.Debug|Any CPU.ActiveCfg = Debug|Any CPU
		{2D4F7156-C842-4771-8FE0-536F15DD1CF5}.Debug|Any CPU.Build.0 = Debug|Any CPU
		{2D4F7156-C842-4771-8FE0-536F15DD1CF5}.Release|Any CPU.ActiveCfg = Release|Any CPU
		{2D4F7156-C842-4771-8FE0-536F15DD1CF5}.Release|Any CPU.Build.0 = Release|Any CPU
		{E01CCC6A-2BE8-4055-8A3B-461431E625A5}.Debug|Any CPU.ActiveCfg = Debug|Any CPU
		{E01CCC6A-2BE8-4055-8A3B-461431E625A5}.Debug|Any CPU.Build.0 = Debug|Any CPU
		{E01CCC6A-2BE8-4055-8A3B-461431E625A5}.Release|Any CPU.ActiveCfg = Release|Any CPU
		{E01CCC6A-2BE8-4055-8A3B-461431E625A5}.Release|Any CPU.Build.0 = Release|Any CPU
	EndGlobalSection
	GlobalSection(SolutionProperties) = preSolution
		HideSolutionNode = FALSE
	EndGlobalSection
	GlobalSection(ExtensibilityGlobals) = postSolution
		SolutionGuid = {61F7FB11-1E47-470C-91E2-47F8143E1572}
	EndGlobalSection
EndGlobal
